
Microsoft Visual Studio Solution File, Format Version 12.00
# Visual Studio Version 17
VisualStudioVersion = 17.11.35303.130
MinimumVisualStudioVersion = 10.0.40219.1
Project("{FAE04EC0-301F-11D3-BF4B-00C04F79EFBC}") = "sem7_prijvis", "sem7_prijvis\sem7_prijvis.csproj", "{42894B36-5CB2-4B6C-B515-5D1D96D8AB8D}"
EndProject
Global
	GlobalSection(SolutionConfigurationPlatforms) = preSolution
		Debug|Any CPU = Debug|Any CPU
		Release|Any CPU = Release|Any CPU
	EndGlobalSection
	GlobalSection(ProjectConfigurationPlatforms) = postSolution
		{42894B36-5CB2-4B6C-B515-5D1D96D8AB8D}.Debug|Any CPU.ActiveCfg = Debug|Any CPU
		{42894B36-5CB2-4B6C-B515-5D1D96D8AB8D}.Debug|Any CPU.Build.0 = Debug|Any CPU
		{42894B36-5CB2-4B6C-B515-5D1D96D8AB8D}.Release|Any CPU.ActiveCfg = Release|Any CPU
		{42894B36-5CB2-4B6C-B515-5D1D96D8AB8D}.Release|Any CPU.Build.0 = Release|Any CPU
	EndGlobalSection
	GlobalSection(SolutionProperties) = preSolution
		HideSolutionNode = FALSE
	EndGlobalSection
	GlobalSection(ExtensibilityGlobals) = postSolution
		SolutionGuid = {FBE0AB9E-1ACD-443D-B85C-346CCCD8E8AF}
	EndGlobalSection
EndGlobal
